{
  "nodes": {
    "blobs": {
      "flake": false,
      "locked": {
        "lastModified": 1604995301,
        "narHash": "sha256-wcLzgLec6SGJA8fx1OEN1yV/Py5b+U5iyYpksUY/yLw=",
        "owner": "simple-nixos-mailserver",
        "repo": "blobs",
        "rev": "2cccdf1ca48316f2cfd1c9a0017e8de5a7156265",
        "type": "gitlab"
      },
      "original": {
        "owner": "simple-nixos-mailserver",
        "repo": "blobs",
        "type": "gitlab"
      }
    },
    "custom": {
      "inputs": {
        "cryptovampire-src": [
          "nixpkgs"
        ],
        "fenix": "fenix",
        "flake-utils": "flake-utils",
        "isw-src": "isw-src",
        "kodi-nfo-generator-src": "kodi-nfo-generator-src",
        "nixpkgs": [
          "nixpkgs"
        ],
        "opam-nix": "opam-nix",
        "rnote-src": "rnote-src",
        "squirrel-prover-src": "squirrel-prover-src",
        "squirrel-prover-src-cv": "squirrel-prover-src-cv",
        "treefmt-nix": [
          "treefmt-nix"
        ],
        "vampire-master-src": "vampire-master-src",
        "zfs-inplace-rebalance-src": "zfs-inplace-rebalance-src"
      },
      "locked": {
        "lastModified": 1770460804,
        "narHash": "sha256-N8RjZdqYSKgO0lFxz2TZrHDTGHppTpxWohYUb10yb+8=",
        "owner": "puyral",
        "repo": "custom-nix",
        "rev": "1a12c5a9dade495a3371695f440326e55680a30d",
        "type": "github"
      },
      "original": {
        "owner": "puyral",
        "repo": "custom-nix",
        "type": "github"
      }
    },
    "darktable-jpeg-sync": {
      "inputs": {
        "flake-utils": "flake-utils_3",
        "nixpkgs": [
          "nixpkgs"
        ],
        "treefmt-nix": [
          "treefmt-nix"
        ]
      },
      "locked": {
        "lastModified": 1769467605,
        "narHash": "sha256-Knieh/+C2Vvfi4W49gw1novXoS3hsm7ojj3dfca75s8=",
        "owner": "puyral",
        "repo": "darktable-jpeg-sync",
        "rev": "935221210cc551f1abee6c2c2d7255bd30ad426d",
        "type": "github"
      },
      "original": {
        "owner": "puyral",
        "repo": "darktable-jpeg-sync",
        "type": "github"
      }
    },
    "devshell": {
      "inputs": {
        "nixpkgs": [
          "headplane",
          "nixpkgs"
        ]
      },
      "locked": {
        "lastModified": 1741473158,
        "narHash": "sha256-kWNaq6wQUbUMlPgw8Y+9/9wP0F8SHkjy24/mN3UAppg=",
        "owner": "numtide",
        "repo": "devshell",
        "rev": "7c9e793ebe66bcba8292989a68c0419b737a22a0",
        "type": "github"
      },
      "original": {
        "owner": "numtide",
        "repo": "devshell",
        "type": "github"
      }
    },
    "fenix": {
      "inputs": {
        "nixpkgs": [
          "custom",
          "nixpkgs"
        ],
        "rust-analyzer-src": "rust-analyzer-src"
      },
      "locked": {
        "lastModified": 1770447430,
        "narHash": "sha256-smrRbWhvJF6BATB6pXbD8Cp04HRrVcYQkXqOhUF81nk=",
        "owner": "nix-community",
        "repo": "fenix",
        "rev": "e1b28f6ca0d1722edceec1f2f3501558988d1aed",
        "type": "github"
      },
      "original": {
        "owner": "nix-community",
        "repo": "fenix",
        "type": "github"
      }
    },
    "flake-compat": {
      "flake": false,
      "locked": {
        "lastModified": 1747046372,
        "narHash": "sha256-CIVLLkVgvHYbgI2UpXvIIBJ12HWgX+fjA8Xf8PUmqCY=",
        "owner": "edolstra",
        "repo": "flake-compat",
        "rev": "9100a0f413b0c601e0533d1d94ffd501ce2e7885",
        "type": "github"
      },
      "original": {
        "owner": "edolstra",
        "repo": "flake-compat",
        "type": "github"
      }
    },
    "flake-compat_2": {
      "flake": false,
      "locked": {
        "lastModified": 1761588595,
        "narHash": "sha256-XKUZz9zewJNUj46b4AJdiRZJAvSZ0Dqj2BNfXvFlJC4=",
        "owner": "edolstra",
        "repo": "flake-compat",
        "rev": "f387cd2afec9419c8ee37694406ca490c3f34ee5",
        "type": "github"
      },
      "original": {
        "owner": "edolstra",
        "repo": "flake-compat",
        "type": "github"
      }
    },
    "flake-parts": {
      "inputs": {
        "nixpkgs-lib": "nixpkgs-lib"
      },
      "locked": {
        "lastModified": 1769996383,
        "narHash": "sha256-AnYjnFWgS49RlqX7LrC4uA+sCCDBj0Ry/WOJ5XWAsa0=",
        "owner": "hercules-ci",
        "repo": "flake-parts",
        "rev": "57928607ea566b5db3ad13af0e57e921e6b12381",
        "type": "github"
      },
      "original": {
        "owner": "hercules-ci",
        "repo": "flake-parts",
        "type": "github"
      }
    },
    "flake-utils": {
      "inputs": {
        "systems": "systems"
      },
      "locked": {
        "lastModified": 1731533236,
        "narHash": "sha256-l0KFg5HjrsfsO/JpG+r7fRrqm12kzFHyUHqHCVpMMbI=",
        "owner": "numtide",
        "repo": "flake-utils",
        "rev": "11707dc2f618dd54ca8739b309ec4fc024de578b",
        "type": "github"
      },
      "original": {
        "owner": "numtide",
        "repo": "flake-utils",
        "type": "github"
      }
    },
    "flake-utils_2": {
      "inputs": {
        "systems": "systems_2"
      },
      "locked": {
        "lastModified": 1731533236,
        "narHash": "sha256-l0KFg5HjrsfsO/JpG+r7fRrqm12kzFHyUHqHCVpMMbI=",
        "owner": "numtide",
        "repo": "flake-utils",
        "rev": "11707dc2f618dd54ca8739b309ec4fc024de578b",
        "type": "github"
      },
      "original": {
        "owner": "numtide",
        "repo": "flake-utils",
        "type": "github"
      }
    },
    "flake-utils_3": {
      "inputs": {
        "systems": "systems_4"
      },
      "locked": {
        "lastModified": 1731533236,
        "narHash": "sha256-l0KFg5HjrsfsO/JpG+r7fRrqm12kzFHyUHqHCVpMMbI=",
        "owner": "numtide",
        "repo": "flake-utils",
        "rev": "11707dc2f618dd54ca8739b309ec4fc024de578b",
        "type": "github"
      },
      "original": {
        "owner": "numtide",
        "repo": "flake-utils",
        "type": "github"
      }
    },
    "flake-utils_4": {
      "inputs": {
        "systems": "systems_5"
      },
      "locked": {
        "lastModified": 1731533236,
        "narHash": "sha256-l0KFg5HjrsfsO/JpG+r7fRrqm12kzFHyUHqHCVpMMbI=",
        "owner": "numtide",
        "repo": "flake-utils",
        "rev": "11707dc2f618dd54ca8739b309ec4fc024de578b",
        "type": "github"
      },
      "original": {
        "owner": "numtide",
        "repo": "flake-utils",
        "type": "github"
      }
    },
    "git-hooks": {
      "inputs": {
        "flake-compat": [
          "simple-nixos-mailserver",
          "flake-compat"
        ],
        "gitignore": "gitignore",
        "nixpkgs": [
          "simple-nixos-mailserver",
          "nixpkgs"
        ]
      },
      "locked": {
        "lastModified": 1763319842,
        "narHash": "sha256-YG19IyrTdnVn0l3DvcUYm85u3PaqBt6tI6VvolcuHnA=",
        "owner": "cachix",
        "repo": "git-hooks.nix",
        "rev": "7275fa67fbbb75891c16d9dee7d88e58aea2d761",
        "type": "github"
      },
      "original": {
        "owner": "cachix",
        "repo": "git-hooks.nix",
        "type": "github"
      }
    },
    "gitignore": {
      "inputs": {
        "nixpkgs": [
          "simple-nixos-mailserver",
          "git-hooks",
          "nixpkgs"
        ]
      },
      "locked": {
        "lastModified": 1709087332,
        "narHash": "sha256-HG2cCnktfHsKV0s4XW83gU3F57gaTljL9KNSuG6bnQs=",
        "owner": "hercules-ci",
        "repo": "gitignore.nix",
        "rev": "637db329424fd7e46cf4185293b9cc8c88c95394",
        "type": "github"
      },
      "original": {
        "owner": "hercules-ci",
        "repo": "gitignore.nix",
        "type": "github"
      }
    },
    "headplane": {
      "inputs": {
        "devshell": "devshell",
        "flake-utils": "flake-utils_4",
        "nixpkgs": [
          "nixpkgs"
        ]
      },
      "locked": {
        "lastModified": 1760294873,
        "narHash": "sha256-hsrnmEwKXJlPjV4aIfmS6GAE414ArVRGoPPpZGmV0x4=",
        "owner": "tale",
        "repo": "headplane",
        "rev": "7a222c47ee4a593acd1f0f4093b99a825111e463",
        "type": "github"
      },
      "original": {
        "owner": "tale",
        "ref": "v0.6.1",
        "repo": "headplane",
        "type": "github"
      }
    },
    "home-manager": {
      "inputs": {
        "nixpkgs": [
          "nixpkgs"
        ]
      },
      "locked": {
        "lastModified": 1770260404,
        "narHash": "sha256-3iVX1+7YUIt23hBx1WZsUllhbmP2EnXrV8tCRbLxHc8=",
        "owner": "nix-community",
        "repo": "home-manager",
        "rev": "0d782ee42c86b196acff08acfbf41bb7d13eed5b",
        "type": "github"
      },
      "original": {
        "owner": "nix-community",
        "ref": "release-25.11",
        "repo": "home-manager",
        "type": "github"
      }
    },
    "isw-src": {
      "flake": false,
      "locked": {
        "lastModified": 1582745508,
        "narHash": "sha256-HN3egLX08CC9SLxldpCj5KHSiyV1F3HeR5NXk68NXY0=",
        "owner": "YoyPa",
        "repo": "isw",
        "rev": "7c88670504ecd4462b1825a55bdb0be2944dfe94",
        "type": "github"
      },
      "original": {
        "owner": "YoyPa",
        "repo": "isw",
        "type": "github"
      }
    },
    "kodi-nfo-generator-src": {
      "flake": false,
      "locked": {
        "lastModified": 1768595289,
        "narHash": "sha256-/b/OXI8WMxiCj9KMCNspFd14dRTMMnoj3zF67A6UgpY=",
        "owner": "fracpete",
        "repo": "kodi-nfo-generator",
        "rev": "82a07a4bf18f3befe07d61e523eaa337f2e60c41",
        "type": "github"
      },
      "original": {
        "owner": "fracpete",
        "repo": "kodi-nfo-generator",
        "type": "github"
      }
    },
    "lean-lsp-mcp": {
      "inputs": {
        "flake-parts": [
          "flake-parts"
        ],
        "nixpkgs": [
          "nixpkgs"
        ],
        "treefmt-nix": [
          "treefmt-nix"
        ]
      },
      "locked": {
        "lastModified": 1771598467,
        "narHash": "sha256-U2Su8h7p/EGvGlA4hGytuT2scSvTzCGafUa2CA5UYTE=",
        "owner": "puyral",
        "repo": "lean-lsp-mcp",
        "rev": "738f4584fd0cfca2c649c8340d927eb082aec243",
        "type": "github"
      },
      "original": {
        "owner": "puyral",
        "repo": "lean-lsp-mcp",
        "type": "github"
      }
    },
    "mangowc": {
      "inputs": {
        "flake-parts": [
          "flake-parts"
        ],
        "nixpkgs": [
          "nixpkgs"
        ],
        "scenefx": "scenefx"
      },
      "locked": {
        "lastModified": 1771392384,
        "narHash": "sha256-cuOOgfufbGv0QIrRD6bAzaHiYXt32wxwt2Tzi+jAmwg=",
        "owner": "puyral",
        "repo": "mangowc",
        "rev": "259fdb3a875e4c5842f75579c3e0dc85d897a4f9",
        "type": "github"
      },
      "original": {
        "owner": "puyral",
        "ref": "simon",
        "repo": "mangowc",
        "type": "github"
      }
    },
    "mirage-opam-overlays": {
      "flake": false,
      "locked": {
        "lastModified": 1710922379,
        "narHash": "sha256-j4QREQDUf8oHOX7qg6wAOupgsNQoYlufxoPrgagD+pY=",
        "owner": "dune-universe",
        "repo": "mirage-opam-overlays",
        "rev": "797cb363df3ff763c43c8fbec5cd44de2878757e",
        "type": "github"
      },
      "original": {
        "owner": "dune-universe",
        "repo": "mirage-opam-overlays",
        "type": "github"
      }
    },
    "nixos-hardware": {
      "locked": {
        "lastModified": 1769302137,
        "narHash": "sha256-QEDtctEkOsbx8nlFh4yqPEOtr4tif6KTqWwJ37IM2ds=",
        "owner": "NixOS",
        "repo": "nixos-hardware",
        "rev": "a351494b0e35fd7c0b7a1aae82f0afddf4907aa8",
        "type": "github"
      },
      "original": {
        "owner": "NixOS",
        "ref": "master",
        "repo": "nixos-hardware",
        "type": "github"
      }
    },
    "nixpkgs-kernel": {
      "locked": {
        "lastModified": 1765186076,
        "narHash": "sha256-hM20uyap1a0M9d344I692r+ik4gTMyj60cQWO+hAYP8=",
        "owner": "NixOS",
        "repo": "nixpkgs",
        "rev": "addf7cf5f383a3101ecfba091b98d0a1263dc9b8",
        "type": "github"
      },
      "original": {
        "owner": "NixOS",
        "repo": "nixpkgs",
        "rev": "addf7cf5f383a3101ecfba091b98d0a1263dc9b8",
        "type": "github"
      }
    },
    "nixpkgs-lib": {
      "locked": {
        "lastModified": 1769909678,
        "narHash": "sha256-cBEymOf4/o3FD5AZnzC3J9hLbiZ+QDT/KDuyHXVJOpM=",
        "owner": "nix-community",
        "repo": "nixpkgs.lib",
        "rev": "72716169fe93074c333e8d0173151350670b824c",
        "type": "github"
      },
      "original": {
        "owner": "nix-community",
        "repo": "nixpkgs.lib",
        "type": "github"
      }
    },
    "nixpkgs-stable": {
      "locked": {
        "lastModified": 1770464364,
        "narHash": "sha256-z5NJPSBwsLf/OfD8WTmh79tlSU8XgIbwmk6qB1/TFzY=",
        "owner": "NixOS",
        "repo": "nixpkgs",
        "rev": "23d72dabcb3b12469f57b37170fcbc1789bd7457",
        "type": "github"
      },
      "original": {
        "id": "nixpkgs",
        "ref": "nixos-25.11",
        "type": "indirect"
      }
    },
    "nixpkgs-unstable": {
      "locked": {
        "lastModified": 1770562336,
        "narHash": "sha256-ub1gpAONMFsT/GU2hV6ZWJjur8rJ6kKxdm9IlCT0j84=",
        "owner": "NixOS",
        "repo": "nixpkgs",
        "rev": "d6c71932130818840fc8fe9509cf50be8c64634f",
        "type": "github"
      },
      "original": {
        "id": "nixpkgs",
        "ref": "nixos-unstable",
        "type": "indirect"
      }
    },
    "opam-nix": {
      "inputs": {
        "flake-compat": "flake-compat",
        "flake-utils": "flake-utils_2",
        "mirage-opam-overlays": "mirage-opam-overlays",
        "nixpkgs": [
          "custom",
          "nixpkgs"
        ],
        "opam-overlays": "opam-overlays",
        "opam-repository": "opam-repository",
        "opam2json": "opam2json"
      },
      "locked": {
        "lastModified": 1769900026,
        "narHash": "sha256-O1cK8GVRNDKvAXU0mZjqpmftRnAeyDgyP7lf/3P/Pdg=",
        "owner": "tweag",
        "repo": "opam-nix",
        "rev": "1f373ef8c4cc1237a74c681b47bbdbdf7ab185a6",
        "type": "github"
      },
      "original": {
        "owner": "tweag",
        "repo": "opam-nix",
        "type": "github"
      }
    },
    "opam-overlays": {
      "flake": false,
      "locked": {
        "lastModified": 1741116009,
        "narHash": "sha256-Z0PIW82fHJFvAv/JYpAffnp2DaOjLhsPutqyIrORZd0=",
        "owner": "dune-universe",
        "repo": "opam-overlays",
        "rev": "e031bb64e33bf93be963e9a38b28962e6e14381f",
        "type": "github"
      },
      "original": {
        "owner": "dune-universe",
        "repo": "opam-overlays",
        "type": "github"
      }
    },
    "opam-repository": {
      "flake": false,
      "locked": {
        "lastModified": 1759971927,
        "narHash": "sha256-aUZWd0KOpEnioBwqlwRU40rUFAqT3RTlojXt2oI3omY=",
        "owner": "ocaml",
        "repo": "opam-repository",
        "rev": "551314ad1550478ec6be39bb0eaadd2569190464",
        "type": "github"
      },
      "original": {
        "owner": "ocaml",
        "repo": "opam-repository",
        "type": "github"
      }
    },
    "opam2json": {
      "inputs": {
        "nixpkgs": [
          "custom",
          "opam-nix",
          "nixpkgs"
        ],
        "systems": "systems_3"
      },
      "locked": {
        "lastModified": 1749457947,
        "narHash": "sha256-+QVm+HOYikF3wUhqSIV8qJbE/feSG+p48fgxIosbHS0=",
        "owner": "tweag",
        "repo": "opam2json",
        "rev": "0ecd66fc2bfb25d910522c990dd36412259eac1f",
        "type": "github"
      },
      "original": {
        "owner": "tweag",
        "repo": "opam2json",
        "type": "github"
      }
    },
    "paperless-ai-src": {
      "flake": false,
      "locked": {
        "lastModified": 1762241188,
        "narHash": "sha256-MlHoL8a0Vnd+slrLd/2ie4Y998n7JRagEqs3Yxnsuns=",
        "owner": "clusterzx",
        "repo": "paperless-ai",
        "rev": "0eee0c69d5da3b2a4d2fb4e0fdcd71242567e3ba",
        "type": "github"
      },
      "original": {
        "owner": "clusterzx",
        "repo": "paperless-ai",
        "type": "github"
      }
    },
    "rnote-src": {
      "flake": false,
      "locked": {
        "lastModified": 1752318812,
        "narHash": "sha256-mPmtkiCRn1p2KE1wcYkezXnST8GaA5hKZxhIYqy+6d8=",
        "owner": "puyral",
        "repo": "rnote",
        "rev": "da7798694f5242b7c079ac90973310c98513eba9",
        "type": "github"
      },
      "original": {
        "owner": "puyral",
        "ref": "add-block-touch",
        "repo": "rnote",
        "type": "github"
      }
    },
    "root": {
      "inputs": {
        "custom": "custom",
        "darktable-jpeg-sync": "darktable-jpeg-sync",
        "flake-parts": "flake-parts",
        "headplane": "headplane",
        "home-manager": "home-manager",
        "lean-lsp-mcp": "lean-lsp-mcp",
        "mangowc": "mangowc",
        "nixos-hardware": "nixos-hardware",
        "nixpkgs": [
          "nixpkgs-stable"
        ],
        "nixpkgs-kernel": "nixpkgs-kernel",
        "nixpkgs-stable": "nixpkgs-stable",
        "nixpkgs-unstable": "nixpkgs-unstable",
        "paperless-ai-src": "paperless-ai-src",
        "rust-overlay": "rust-overlay",
        "simple-nixos-mailserver": "simple-nixos-mailserver",
        "sops-nix": "sops-nix",
        "squirrel-prover-src": "squirrel-prover-src_2",
        "treefmt-nix": "treefmt-nix"
      }
    },
    "rust-analyzer-src": {
      "flake": false,
      "locked": {
        "lastModified": 1770290336,
        "narHash": "sha256-rJ79U68ZLjCSg1Qq+63aBXi//W7blaKiYq9NnfeTboA=",
        "owner": "rust-lang",
        "repo": "rust-analyzer",
        "rev": "d2a00da09293267e5be2efb216698762929d7140",
        "type": "github"
      },
      "original": {
        "owner": "rust-lang",
        "ref": "nightly",
        "repo": "rust-analyzer",
        "type": "github"
      }
    },
    "rust-overlay": {
      "inputs": {
        "nixpkgs": [
          "nixpkgs-stable"
        ]
      },
      "locked": {
        "lastModified": 1770606655,
        "narHash": "sha256-rpJf+kxvLWv32ivcgu8d+JeJooog3boJCT8J3joJvvM=",
        "owner": "oxalica",
        "repo": "rust-overlay",
        "rev": "11a396520bf911e4ed01e78e11633d3fc63b350e",
        "type": "github"
      },
      "original": {
        "owner": "oxalica",
        "repo": "rust-overlay",
        "type": "github"
      }
    },
    "scenefx": {
      "inputs": {
        "nixpkgs": [
          "mangowc",
          "nixpkgs"
        ]
      },
      "locked": {
        "lastModified": 1750785057,
        "narHash": "sha256-tGX6j4W91rcb+glXJo43sjPI9zQvPotonknG1BdihR4=",
        "owner": "wlrfx",
        "repo": "scenefx",
        "rev": "3a6cfb12e4ba97b43326357d14f7b3e40897adfc",
        "type": "github"
      },
      "original": {
        "owner": "wlrfx",
        "repo": "scenefx",
        "type": "github"
      }
    },
    "simple-nixos-mailserver": {
      "inputs": {
        "blobs": "blobs",
        "flake-compat": "flake-compat_2",
        "git-hooks": "git-hooks",
        "nixpkgs": [
          "nixpkgs"
        ]
      },
      "locked": {
        "lastModified": 1766537863,
        "narHash": "sha256-HEt+wbazRgJYeY+lgj65bxhPyVc4x7NEB2bs5NU6DF8=",
        "owner": "simple-nixos-mailserver",
        "repo": "nixos-mailserver",
        "rev": "23f0a53ca6e58e61e1ea2b86791c69b79c91656d",
        "type": "gitlab"
      },
      "original": {
        "owner": "simple-nixos-mailserver",
        "ref": "nixos-25.11",
        "repo": "nixos-mailserver",
        "type": "gitlab"
      }
    },
    "sops-nix": {
      "inputs": {
        "nixpkgs": [
          "nixpkgs-stable"
        ]
      },
      "locked": {
        "lastModified": 1770526836,
        "narHash": "sha256-xbvX5Ik+0inJcLJtJ/AajAt7xCk6FOCrm5ogpwwvVDg=",
        "owner": "Mic92",
        "repo": "sops-nix",
        "rev": "d6e0e666048a5395d6ea4283143b7c9ac704720d",
        "type": "github"
      },
      "original": {
        "owner": "Mic92",
        "repo": "sops-nix",
        "type": "github"
      }
    },
    "squirrel-prover-src": {
      "flake": false,
      "locked": {
        "lastModified": 1760089888,
        "narHash": "sha256-octGvNHNyD6XLvnqL4qwKhXURGik4THAsF2FNTHtMl4=",
        "owner": "squirrel-prover",
        "repo": "squirrel-prover",
        "rev": "58ea3d1c2db38ce9639dd1c17c9885c483c56472",
        "type": "github"
      },
      "original": {
        "owner": "squirrel-prover",
        "repo": "squirrel-prover",
        "type": "github"
      }
    },
    "squirrel-prover-src-cv": {
      "flake": false,
      "locked": {
        "lastModified": 1726147706,
        "narHash": "sha256-Cor7jjBCx2yEItXx6tyJX71+SVaBRsixxs8ep2rziWs=",
        "owner": "puyral",
        "repo": "squirrel-prover",
        "rev": "674e12f7283974e17241cad4f892d4a9bb47c2f6",
        "type": "github"
      },
      "original": {
        "owner": "puyral",
        "ref": "cryptovampire",
        "repo": "squirrel-prover",
        "type": "github"
      }
    },
    "squirrel-prover-src_2": {
      "flake": false,
      "locked": {
        "lastModified": 1760089888,
        "narHash": "sha256-octGvNHNyD6XLvnqL4qwKhXURGik4THAsF2FNTHtMl4=",
        "owner": "squirrel-prover",
        "repo": "squirrel-prover",
        "rev": "58ea3d1c2db38ce9639dd1c17c9885c483c56472",
        "type": "github"
      },
      "original": {
        "owner": "squirrel-prover",
        "repo": "squirrel-prover",
        "type": "github"
      }
    },
    "systems": {
      "locked": {
        "lastModified": 1681028828,
        "narHash": "sha256-Vy1rq5AaRuLzOxct8nz4T6wlgyUR7zLU309k9mBC768=",
        "owner": "nix-systems",
        "repo": "default",
        "rev": "da67096a3b9bf56a91d16901293e51ba5b49a27e",
        "type": "github"
      },
      "original": {
        "owner": "nix-systems",
        "repo": "default",
        "type": "github"
      }
    },
    "systems_2": {
      "locked": {
        "lastModified": 1681028828,
        "narHash": "sha256-Vy1rq5AaRuLzOxct8nz4T6wlgyUR7zLU309k9mBC768=",
        "owner": "nix-systems",
        "repo": "default",
        "rev": "da67096a3b9bf56a91d16901293e51ba5b49a27e",
        "type": "github"
      },
      "original": {
        "owner": "nix-systems",
        "repo": "default",
        "type": "github"
      }
    },
    "systems_3": {
      "locked": {
        "lastModified": 1681028828,
        "narHash": "sha256-Vy1rq5AaRuLzOxct8nz4T6wlgyUR7zLU309k9mBC768=",
        "owner": "nix-systems",
        "repo": "default",
        "rev": "da67096a3b9bf56a91d16901293e51ba5b49a27e",
        "type": "github"
      },
      "original": {
        "owner": "nix-systems",
        "repo": "default",
        "type": "github"
      }
    },
    "systems_4": {
      "locked": {
        "lastModified": 1681028828,
        "narHash": "sha256-Vy1rq5AaRuLzOxct8nz4T6wlgyUR7zLU309k9mBC768=",
        "owner": "nix-systems",
        "repo": "default",
        "rev": "da67096a3b9bf56a91d16901293e51ba5b49a27e",
        "type": "github"
      },
      "original": {
        "owner": "nix-systems",
        "repo": "default",
        "type": "github"
      }
    },
    "systems_5": {
      "locked": {
        "lastModified": 1681028828,
        "narHash": "sha256-Vy1rq5AaRuLzOxct8nz4T6wlgyUR7zLU309k9mBC768=",
        "owner": "nix-systems",
        "repo": "default",
        "rev": "da67096a3b9bf56a91d16901293e51ba5b49a27e",
        "type": "github"
      },
      "original": {
        "owner": "nix-systems",
        "repo": "default",
        "type": "github"
      }
    },
    "treefmt-nix": {
      "inputs": {
        "nixpkgs": [
          "nixpkgs-stable"
        ]
      },
      "locked": {
        "lastModified": 1770228511,
        "narHash": "sha256-wQ6NJSuFqAEmIg2VMnLdCnUc0b7vslUohqqGGD+Fyxk=",
        "owner": "numtide",
        "repo": "treefmt-nix",
        "rev": "337a4fe074be1042a35086f15481d763b8ddc0e7",
        "type": "github"
      },
      "original": {
        "owner": "numtide",
        "repo": "treefmt-nix",
        "type": "github"
      }
    },
    "vampire-master-src": {
      "flake": false,
      "locked": {
        "lastModified": 1769514379,
        "narHash": "sha256-+oPYrYEY2+YtxBZukLb4oIpyKYwOSiEREX/EbZPVArg=",
        "owner": "vprover",
        "repo": "vampire",
        "rev": "ec9595e79e4890d82cf090223c6cda5b73805bbc",
        "type": "github"
      },
      "original": {
        "owner": "vprover",
        "repo": "vampire",
        "type": "github"
      }
    },
    "zfs-inplace-rebalance-src": {
      "flake": false,
      "locked": {
        "lastModified": 1764018042,
        "narHash": "sha256-JCk01T6lDsbdfhvYbatiyTPwZAsILYfzlKn2bqFqacI=",
        "owner": "markusressel",
        "repo": "zfs-inplace-rebalancing",
        "rev": "970c3845cd750ebdaa3bcba6f3ac7dd4e7761e0b",
        "type": "github"
      },
      "original": {
        "owner": "markusressel",
        "repo": "zfs-inplace-rebalancing",
        "type": "github"
      }
    }
  },
  "root": "root",
  "version": 7
}
